// !$*UTF8*$!
{
	archiveVersion = 1;
	classes = {
	};
	objectVersion = 56;
	objects = {

/* Begin PBXBuildFile section */
		26F9C1D93AA4E3FEE3012A47 /* libPods-The Reddit.a in Frameworks */ = {isa = PBXBuildFile; fileRef = BB7B9AC6D4273DDBB5E17C92 /* libPods-The Reddit.a */; };
		F0AC21962A297AEC00EB45D2 /* Feed.storyboard in Resources */ = {isa = PBXBuildFile; fileRef = F0AC21952A297AEC00EB45D2 /* Feed.storyboard */; };
		F0AC21982A297B0300EB45D2 /* FeedViewController.swift in Sources */ = {isa = PBXBuildFile; fileRef = F0AC21972A297B0300EB45D2 /* FeedViewController.swift */; };
		F0AC219A2A297C5200EB45D2 /* Storyboarded.swift in Sources */ = {isa = PBXBuildFile; fileRef = F0AC21992A297C5200EB45D2 /* Storyboarded.swift */; };
		F0AC219C2A297C7E00EB45D2 /* Storyboards.swift in Sources */ = {isa = PBXBuildFile; fileRef = F0AC219B2A297C7E00EB45D2 /* Storyboards.swift */; };
		F0AC219E2A297D0400EB45D2 /* BaseViewController.swift in Sources */ = {isa = PBXBuildFile; fileRef = F0AC219D2A297D0400EB45D2 /* BaseViewController.swift */; };
		F0AC21A22A29855700EB45D2 /* FeedProtocols.swift in Sources */ = {isa = PBXBuildFile; fileRef = F0AC21A12A29855700EB45D2 /* FeedProtocols.swift */; };
		F0AC21A62A2997C300EB45D2 /* FeedModel.swift in Sources */ = {isa = PBXBuildFile; fileRef = F0AC21A52A2997C300EB45D2 /* FeedModel.swift */; };
		F0AC21A92A29A02200EB45D2 /* PostTableViewCell.xib in Resources */ = {isa = PBXBuildFile; fileRef = F0AC21A82A29A02200EB45D2 /* PostTableViewCell.xib */; };
		F0AC21AB2A29A05300EB45D2 /* PostTableViewCell.swift in Sources */ = {isa = PBXBuildFile; fileRef = F0AC21AA2A29A05300EB45D2 /* PostTableViewCell.swift */; };
		F0AC21AD2A29A13000EB45D2 /* UIView+Utils.swift in Sources */ = {isa = PBXBuildFile; fileRef = F0AC21AC2A29A13000EB45D2 /* UIView+Utils.swift */; };
		F0AC21AF2A29A5DE00EB45D2 /* FeedViewController+UITableView.swift in Sources */ = {isa = PBXBuildFile; fileRef = F0AC21AE2A29A5DE00EB45D2 /* FeedViewController+UITableView.swift */; };
		F0DC5E732A26610E00FA741B /* AppDelegate.swift in Sources */ = {isa = PBXBuildFile; fileRef = F0DC5E722A26610E00FA741B /* AppDelegate.swift */; };
		F0DC5E7C2A26610F00FA741B /* Assets.xcassets in Resources */ = {isa = PBXBuildFile; fileRef = F0DC5E7B2A26610F00FA741B /* Assets.xcassets */; };
		F0DC5E7F2A26610F00FA741B /* LaunchScreen.storyboard in Resources */ = {isa = PBXBuildFile; fileRef = F0DC5E7D2A26610F00FA741B /* LaunchScreen.storyboard */; };
		F0DC5E8A2A26610F00FA741B /* The_RedditTests.swift in Sources */ = {isa = PBXBuildFile; fileRef = F0DC5E892A26610F00FA741B /* The_RedditTests.swift */; };
		F0F395DA2A2836540049B7CF /* DataConstants.swift in Sources */ = {isa = PBXBuildFile; fileRef = F0F395D32A2836540049B7CF /* DataConstants.swift */; };
		F0F395DB2A2836540049B7CF /* RemoteRepository.swift in Sources */ = {isa = PBXBuildFile; fileRef = F0F395D52A2836540049B7CF /* RemoteRepository.swift */; };
		F0F395DC2A2836540049B7CF /* ServiceProtocol.swift in Sources */ = {isa = PBXBuildFile; fileRef = F0F395D82A2836540049B7CF /* ServiceProtocol.swift */; };
		F0F395DD2A2836540049B7CF /* BaseService.swift in Sources */ = {isa = PBXBuildFile; fileRef = F0F395D92A2836540049B7CF /* BaseService.swift */; };
		F0F395E32A2836970049B7CF /* UnknownCase.swift in Sources */ = {isa = PBXBuildFile; fileRef = F0F395E02A2836970049B7CF /* UnknownCase.swift */; };
		F0F395E42A2836970049B7CF /* Encodable.swift in Sources */ = {isa = PBXBuildFile; fileRef = F0F395E12A2836970049B7CF /* Encodable.swift */; };
		F0F395E92A2853890049B7CF /* BaseUseCase.swift in Sources */ = {isa = PBXBuildFile; fileRef = F0F395E82A2853890049B7CF /* BaseUseCase.swift */; };
		F0F395EB2A28539E0049B7CF /* BaseUseCaseProtocol.swift in Sources */ = {isa = PBXBuildFile; fileRef = F0F395EA2A28539E0049B7CF /* BaseUseCaseProtocol.swift */; };
		F0F395EE2A2854300049B7CF /* PostsUseCase.swift in Sources */ = {isa = PBXBuildFile; fileRef = F0F395ED2A2854300049B7CF /* PostsUseCase.swift */; };
		F0F395F02A28543B0049B7CF /* PostsUseCaseProtocol.swift in Sources */ = {isa = PBXBuildFile; fileRef = F0F395EF2A28543B0049B7CF /* PostsUseCaseProtocol.swift */; };
		F0F395F42A2855EC0049B7CF /* GetIAllPostsRequest.swift in Sources */ = {isa = PBXBuildFile; fileRef = F0F395F32A2855EC0049B7CF /* GetIAllPostsRequest.swift */; };
		F0F395F62A2856110049B7CF /* GetIAllPostsResponse.swift in Sources */ = {isa = PBXBuildFile; fileRef = F0F395F52A2856110049B7CF /* GetIAllPostsResponse.swift */; };
		F0F395FE2A2976EF0049B7CF /* FeedInteractor.swift in Sources */ = {isa = PBXBuildFile; fileRef = F0F395FD2A2976EF0049B7CF /* FeedInteractor.swift */; };
		F0F396002A2976FC0049B7CF /* FeedPresenter.swift in Sources */ = {isa = PBXBuildFile; fileRef = F0F395FF2A2976FC0049B7CF /* FeedPresenter.swift */; };
		F0F396022A2977090049B7CF /* FeedRouter.swift in Sources */ = {isa = PBXBuildFile; fileRef = F0F396012A2977090049B7CF /* FeedRouter.swift */; };
/* End PBXBuildFile section */

/* Begin PBXContainerItemProxy section */
		F0DC5E862A26610F00FA741B /* PBXContainerItemProxy */ = {
			isa = PBXContainerItemProxy;
			containerPortal = F0DC5E672A26610E00FA741B /* Project object */;
			proxyType = 1;
			remoteGlobalIDString = F0DC5E6E2A26610E00FA741B;
			remoteInfo = "The Reddit";
		};
		F0DC5E902A26610F00FA741B /* PBXContainerItemProxy */ = {
			isa = PBXContainerItemProxy;
			containerPortal = F0DC5E672A26610E00FA741B /* Project object */;
			proxyType = 1;
			remoteGlobalIDString = F0DC5E6E2A26610E00FA741B;
			remoteInfo = "The Reddit";
		};
/* End PBXContainerItemProxy section */

/* Begin PBXFileReference section */
		85B3BD597EE127DE3BABB04E /* Pods-The Reddit.debug.xcconfig */ = {isa = PBXFileReference; includeInIndex = 1; lastKnownFileType = text.xcconfig; name = "Pods-The Reddit.debug.xcconfig"; path = "Target Support Files/Pods-The Reddit/Pods-The Reddit.debug.xcconfig"; sourceTree = "<group>"; };
		BB7B9AC6D4273DDBB5E17C92 /* libPods-The Reddit.a */ = {isa = PBXFileReference; explicitFileType = archive.ar; includeInIndex = 0; path = "libPods-The Reddit.a"; sourceTree = BUILT_PRODUCTS_DIR; };
		F0AC21952A297AEC00EB45D2 /* Feed.storyboard */ = {isa = PBXFileReference; lastKnownFileType = file.storyboard; path = Feed.storyboard; sourceTree = "<group>"; };
		F0AC21972A297B0300EB45D2 /* FeedViewController.swift */ = {isa = PBXFileReference; lastKnownFileType = sourcecode.swift; path = FeedViewController.swift; sourceTree = "<group>"; };
		F0AC21992A297C5200EB45D2 /* Storyboarded.swift */ = {isa = PBXFileReference; lastKnownFileType = sourcecode.swift; path = Storyboarded.swift; sourceTree = "<group>"; };
		F0AC219B2A297C7E00EB45D2 /* Storyboards.swift */ = {isa = PBXFileReference; lastKnownFileType = sourcecode.swift; path = Storyboards.swift; sourceTree = "<group>"; };
		F0AC219D2A297D0400EB45D2 /* BaseViewController.swift */ = {isa = PBXFileReference; lastKnownFileType = sourcecode.swift; path = BaseViewController.swift; sourceTree = "<group>"; };
		F0AC21A12A29855700EB45D2 /* FeedProtocols.swift */ = {isa = PBXFileReference; lastKnownFileType = sourcecode.swift; path = FeedProtocols.swift; sourceTree = "<group>"; };
		F0AC21A52A2997C300EB45D2 /* FeedModel.swift */ = {isa = PBXFileReference; lastKnownFileType = sourcecode.swift; path = FeedModel.swift; sourceTree = "<group>"; };
		F0AC21A82A29A02200EB45D2 /* PostTableViewCell.xib */ = {isa = PBXFileReference; lastKnownFileType = file.xib; path = PostTableViewCell.xib; sourceTree = "<group>"; };
		F0AC21AA2A29A05300EB45D2 /* PostTableViewCell.swift */ = {isa = PBXFileReference; lastKnownFileType = sourcecode.swift; path = PostTableViewCell.swift; sourceTree = "<group>"; };
		F0AC21AC2A29A13000EB45D2 /* UIView+Utils.swift */ = {isa = PBXFileReference; lastKnownFileType = sourcecode.swift; path = "UIView+Utils.swift"; sourceTree = "<group>"; };
		F0AC21AE2A29A5DE00EB45D2 /* FeedViewController+UITableView.swift */ = {isa = PBXFileReference; lastKnownFileType = sourcecode.swift; path = "FeedViewController+UITableView.swift"; sourceTree = "<group>"; };
		F0DC5E6F2A26610E00FA741B /* The Reddit.app */ = {isa = PBXFileReference; explicitFileType = wrapper.application; includeInIndex = 0; path = "The Reddit.app"; sourceTree = BUILT_PRODUCTS_DIR; };
		F0DC5E722A26610E00FA741B /* AppDelegate.swift */ = {isa = PBXFileReference; lastKnownFileType = sourcecode.swift; path = AppDelegate.swift; sourceTree = "<group>"; };
		F0DC5E7B2A26610F00FA741B /* Assets.xcassets */ = {isa = PBXFileReference; lastKnownFileType = folder.assetcatalog; path = Assets.xcassets; sourceTree = "<group>"; };
		F0DC5E7E2A26610F00FA741B /* Base */ = {isa = PBXFileReference; lastKnownFileType = file.storyboard; name = Base; path = Base.lproj/LaunchScreen.storyboard; sourceTree = "<group>"; };
		F0DC5E802A26610F00FA741B /* Info.plist */ = {isa = PBXFileReference; lastKnownFileType = text.plist.xml; path = Info.plist; sourceTree = "<group>"; };
		F0DC5E852A26610F00FA741B /* The RedditTests.xctest */ = {isa = PBXFileReference; explicitFileType = wrapper.cfbundle; includeInIndex = 0; path = "The RedditTests.xctest"; sourceTree = BUILT_PRODUCTS_DIR; };
		F0DC5E892A26610F00FA741B /* The_RedditTests.swift */ = {isa = PBXFileReference; lastKnownFileType = sourcecode.swift; path = The_RedditTests.swift; sourceTree = "<group>"; };
		F0DC5E8F2A26610F00FA741B /* The RedditUITests.xctest */ = {isa = PBXFileReference; explicitFileType = wrapper.cfbundle; includeInIndex = 0; path = "The RedditUITests.xctest"; sourceTree = BUILT_PRODUCTS_DIR; };
		F0F395D32A2836540049B7CF /* DataConstants.swift */ = {isa = PBXFileReference; fileEncoding = 4; lastKnownFileType = sourcecode.swift; path = DataConstants.swift; sourceTree = "<group>"; };
		F0F395D52A2836540049B7CF /* RemoteRepository.swift */ = {isa = PBXFileReference; fileEncoding = 4; lastKnownFileType = sourcecode.swift; path = RemoteRepository.swift; sourceTree = "<group>"; };
		F0F395D82A2836540049B7CF /* ServiceProtocol.swift */ = {isa = PBXFileReference; fileEncoding = 4; lastKnownFileType = sourcecode.swift; path = ServiceProtocol.swift; sourceTree = "<group>"; };
		F0F395D92A2836540049B7CF /* BaseService.swift */ = {isa = PBXFileReference; fileEncoding = 4; lastKnownFileType = sourcecode.swift; path = BaseService.swift; sourceTree = "<group>"; };
		F0F395E02A2836970049B7CF /* UnknownCase.swift */ = {isa = PBXFileReference; fileEncoding = 4; lastKnownFileType = sourcecode.swift; path = UnknownCase.swift; sourceTree = "<group>"; };
		F0F395E12A2836970049B7CF /* Encodable.swift */ = {isa = PBXFileReference; fileEncoding = 4; lastKnownFileType = sourcecode.swift; path = Encodable.swift; sourceTree = "<group>"; };
		F0F395E82A2853890049B7CF /* BaseUseCase.swift */ = {isa = PBXFileReference; lastKnownFileType = sourcecode.swift; path = BaseUseCase.swift; sourceTree = "<group>"; };
		F0F395EA2A28539E0049B7CF /* BaseUseCaseProtocol.swift */ = {isa = PBXFileReference; lastKnownFileType = sourcecode.swift; path = BaseUseCaseProtocol.swift; sourceTree = "<group>"; };
		F0F395ED2A2854300049B7CF /* PostsUseCase.swift */ = {isa = PBXFileReference; lastKnownFileType = sourcecode.swift; path = PostsUseCase.swift; sourceTree = "<group>"; };
		F0F395EF2A28543B0049B7CF /* PostsUseCaseProtocol.swift */ = {isa = PBXFileReference; lastKnownFileType = sourcecode.swift; path = PostsUseCaseProtocol.swift; sourceTree = "<group>"; };
		F0F395F32A2855EC0049B7CF /* GetIAllPostsRequest.swift */ = {isa = PBXFileReference; lastKnownFileType = sourcecode.swift; path = GetIAllPostsRequest.swift; sourceTree = "<group>"; };
		F0F395F52A2856110049B7CF /* GetIAllPostsResponse.swift */ = {isa = PBXFileReference; lastKnownFileType = sourcecode.swift; path = GetIAllPostsResponse.swift; sourceTree = "<group>"; };
		F0F395FD2A2976EF0049B7CF /* FeedInteractor.swift */ = {isa = PBXFileReference; lastKnownFileType = sourcecode.swift; path = FeedInteractor.swift; sourceTree = "<group>"; };
		F0F395FF2A2976FC0049B7CF /* FeedPresenter.swift */ = {isa = PBXFileReference; lastKnownFileType = sourcecode.swift; path = FeedPresenter.swift; sourceTree = "<group>"; };
		F0F396012A2977090049B7CF /* FeedRouter.swift */ = {isa = PBXFileReference; lastKnownFileType = sourcecode.swift; path = FeedRouter.swift; sourceTree = "<group>"; };
		F8A5DCB0A217B4F6B44DDECB /* Pods-The Reddit.release.xcconfig */ = {isa = PBXFileReference; includeInIndex = 1; lastKnownFileType = text.xcconfig; name = "Pods-The Reddit.release.xcconfig"; path = "Target Support Files/Pods-The Reddit/Pods-The Reddit.release.xcconfig"; sourceTree = "<group>"; };
/* End PBXFileReference section */

/* Begin PBXFrameworksBuildPhase section */
		F0DC5E6C2A26610E00FA741B /* Frameworks */ = {
			isa = PBXFrameworksBuildPhase;
			buildActionMask = 2147483647;
			files = (
				26F9C1D93AA4E3FEE3012A47 /* libPods-The Reddit.a in Frameworks */,
			);
			runOnlyForDeploymentPostprocessing = 0;
		};
		F0DC5E822A26610F00FA741B /* Frameworks */ = {
			isa = PBXFrameworksBuildPhase;
			buildActionMask = 2147483647;
			files = (
			);
			runOnlyForDeploymentPostprocessing = 0;
		};
		F0DC5E8C2A26610F00FA741B /* Frameworks */ = {
			isa = PBXFrameworksBuildPhase;
			buildActionMask = 2147483647;
			files = (
			);
			runOnlyForDeploymentPostprocessing = 0;
		};
/* End PBXFrameworksBuildPhase section */

/* Begin PBXGroup section */
		3907D0CDD6C4E42DC8378903 /* Frameworks */ = {
			isa = PBXGroup;
			children = (
				BB7B9AC6D4273DDBB5E17C92 /* libPods-The Reddit.a */,
			);
			name = Frameworks;
			sourceTree = "<group>";
		};
		CBB5A33925AE57D13A3EB216 /* Pods */ = {
			isa = PBXGroup;
			children = (
				85B3BD597EE127DE3BABB04E /* Pods-The Reddit.debug.xcconfig */,
				F8A5DCB0A217B4F6B44DDECB /* Pods-The Reddit.release.xcconfig */,
			);
			path = Pods;
			sourceTree = "<group>";
		};
		F0AC219F2A297D2500EB45D2 /* Support Files */ = {
			isa = PBXGroup;
			children = (
				F0AC219B2A297C7E00EB45D2 /* Storyboards.swift */,
				F0AC219D2A297D0400EB45D2 /* BaseViewController.swift */,
			);
			path = "Support Files";
			sourceTree = "<group>";
		};
		F0AC21A02A2983D700EB45D2 /* Protocols */ = {
			isa = PBXGroup;
			children = (
				F0AC21A12A29855700EB45D2 /* FeedProtocols.swift */,
			);
			path = Protocols;
			sourceTree = "<group>";
		};
		F0AC21A42A2997A900EB45D2 /* Entity */ = {
			isa = PBXGroup;
			children = (
				F0AC21A52A2997C300EB45D2 /* FeedModel.swift */,
			);
			path = Entity;
			sourceTree = "<group>";
		};
		F0AC21A72A299FF500EB45D2 /* Cell */ = {
			isa = PBXGroup;
			children = (
				F0AC21A82A29A02200EB45D2 /* PostTableViewCell.xib */,
				F0AC21AA2A29A05300EB45D2 /* PostTableViewCell.swift */,
			);
			path = Cell;
			sourceTree = "<group>";
		};
		F0DC5E662A26610E00FA741B = {
			isa = PBXGroup;
			children = (
				F0DC5E712A26610E00FA741B /* The Reddit */,
				F0DC5E882A26610F00FA741B /* The RedditTests */,
				F0DC5E702A26610E00FA741B /* Products */,
				CBB5A33925AE57D13A3EB216 /* Pods */,
				3907D0CDD6C4E42DC8378903 /* Frameworks */,
			);
			sourceTree = "<group>";
		};
		F0DC5E702A26610E00FA741B /* Products */ = {
			isa = PBXGroup;
			children = (
				F0DC5E6F2A26610E00FA741B /* The Reddit.app */,
				F0DC5E852A26610F00FA741B /* The RedditTests.xctest */,
				F0DC5E8F2A26610F00FA741B /* The RedditUITests.xctest */,
			);
			name = Products;
			sourceTree = "<group>";
		};
		F0DC5E712A26610E00FA741B /* The Reddit */ = {
			isa = PBXGroup;
			children = (
				F0DC5E722A26610E00FA741B /* AppDelegate.swift */,
				F0DC5E7B2A26610F00FA741B /* Assets.xcassets */,
				F0F395DE2A2836970049B7CF /* Common */,
				F0F395D12A2836540049B7CF /* Data */,
				F0F395E62A2853200049B7CF /* Domain */,
				F0DC5E802A26610F00FA741B /* Info.plist */,
				F0DC5E7D2A26610F00FA741B /* LaunchScreen.storyboard */,
				F0F395F72A2976190049B7CF /* Modules */,
			);
			path = "The Reddit";
			sourceTree = "<group>";
		};
		F0DC5E882A26610F00FA741B /* The RedditTests */ = {
			isa = PBXGroup;
			children = (
				F0DC5E892A26610F00FA741B /* The_RedditTests.swift */,
			);
			path = "The RedditTests";
			sourceTree = "<group>";
		};
		F0F395D12A2836540049B7CF /* Data */ = {
			isa = PBXGroup;
			children = (
				F0F395D62A2836540049B7CF /* Remote */,
				F0F395D42A2836540049B7CF /* Repositories */,
				F0F395D22A2836540049B7CF /* Utils */,
			);
			path = Data;
			sourceTree = "<group>";
		};
		F0F395D22A2836540049B7CF /* Utils */ = {
			isa = PBXGroup;
			children = (
				F0F395D32A2836540049B7CF /* DataConstants.swift */,
			);
			path = Utils;
			sourceTree = "<group>";
		};
		F0F395D42A2836540049B7CF /* Repositories */ = {
			isa = PBXGroup;
			children = (
				F0F395D52A2836540049B7CF /* RemoteRepository.swift */,
			);
			path = Repositories;
			sourceTree = "<group>";
		};
		F0F395D62A2836540049B7CF /* Remote */ = {
			isa = PBXGroup;
			children = (
				F0F395D72A2836540049B7CF /* Services */,
			);
			path = Remote;
			sourceTree = "<group>";
		};
		F0F395D72A2836540049B7CF /* Services */ = {
			isa = PBXGroup;
			children = (
				F0F395D82A2836540049B7CF /* ServiceProtocol.swift */,
				F0F395D92A2836540049B7CF /* BaseService.swift */,
			);
			path = Services;
			sourceTree = "<group>";
		};
		F0F395DE2A2836970049B7CF /* Common */ = {
			isa = PBXGroup;
			children = (
				F0AC219F2A297D2500EB45D2 /* Support Files */,
				F0F395DF2A2836970049B7CF /* Extensions */,
			);
			path = Common;
			sourceTree = "<group>";
		};
		F0F395DF2A2836970049B7CF /* Extensions */ = {
			isa = PBXGroup;
			children = (
				F0F395E02A2836970049B7CF /* UnknownCase.swift */,
				F0F395E12A2836970049B7CF /* Encodable.swift */,
				F0AC21992A297C5200EB45D2 /* Storyboarded.swift */,
				F0AC21AC2A29A13000EB45D2 /* UIView+Utils.swift */,
			);
			path = Extensions;
			sourceTree = "<group>";
		};
		F0F395E62A2853200049B7CF /* Domain */ = {
			isa = PBXGroup;
			children = (
				F0F395F12A2855D10049B7CF /* Models */,
				F0F395E72A2853700049B7CF /* Use Cases */,
			);
			path = Domain;
			sourceTree = "<group>";
		};
		F0F395E72A2853700049B7CF /* Use Cases */ = {
			isa = PBXGroup;
			children = (
				F0F395E82A2853890049B7CF /* BaseUseCase.swift */,
				F0F395EA2A28539E0049B7CF /* BaseUseCaseProtocol.swift */,
				F0F395EC2A2854180049B7CF /* Posts */,
			);
			path = "Use Cases";
			sourceTree = "<group>";
		};
		F0F395EC2A2854180049B7CF /* Posts */ = {
			isa = PBXGroup;
			children = (
				F0F395ED2A2854300049B7CF /* PostsUseCase.swift */,
				F0F395EF2A28543B0049B7CF /* PostsUseCaseProtocol.swift */,
			);
			path = Posts;
			sourceTree = "<group>";
		};
		F0F395F12A2855D10049B7CF /* Models */ = {
			isa = PBXGroup;
			children = (
				F0F395F22A2855DD0049B7CF /* Posts */,
			);
			path = Models;
			sourceTree = "<group>";
		};
		F0F395F22A2855DD0049B7CF /* Posts */ = {
			isa = PBXGroup;
			children = (
				F0F395F32A2855EC0049B7CF /* GetIAllPostsRequest.swift */,
				F0F395F52A2856110049B7CF /* GetIAllPostsResponse.swift */,
			);
			path = Posts;
			sourceTree = "<group>";
		};
		F0F395F72A2976190049B7CF /* Modules */ = {
			isa = PBXGroup;
			children = (
				F0F395F82A29769E0049B7CF /* Feed */,
			);
			path = Modules;
			sourceTree = "<group>";
		};
		F0F395F82A29769E0049B7CF /* Feed */ = {
			isa = PBXGroup;
			children = (
				F0AC21A42A2997A900EB45D2 /* Entity */,
				F0AC21A02A2983D700EB45D2 /* Protocols */,
				F0F395F92A2976B20049B7CF /* Interactor */,
				F0F395FA2A2976B90049B7CF /* Presenter */,
				F0F395FB2A2976C30049B7CF /* Router */,
				F0F395FC2A2976C90049B7CF /* View */,
			);
			path = Feed;
			sourceTree = "<group>";
		};
		F0F395F92A2976B20049B7CF /* Interactor */ = {
			isa = PBXGroup;
			children = (
				F0F395FD2A2976EF0049B7CF /* FeedInteractor.swift */,
			);
			path = Interactor;
			sourceTree = "<group>";
		};
		F0F395FA2A2976B90049B7CF /* Presenter */ = {
			isa = PBXGroup;
			children = (
				F0F395FF2A2976FC0049B7CF /* FeedPresenter.swift */,
			);
			path = Presenter;
			sourceTree = "<group>";
		};
		F0F395FB2A2976C30049B7CF /* Router */ = {
			isa = PBXGroup;
			children = (
				F0F396012A2977090049B7CF /* FeedRouter.swift */,
			);
			path = Router;
			sourceTree = "<group>";
		};
		F0F395FC2A2976C90049B7CF /* View */ = {
			isa = PBXGroup;
			children = (
				F0AC21A72A299FF500EB45D2 /* Cell */,
				F0AC21972A297B0300EB45D2 /* FeedViewController.swift */,
				F0AC21AE2A29A5DE00EB45D2 /* FeedViewController+UITableView.swift */,
				F0AC21952A297AEC00EB45D2 /* Feed.storyboard */,
			);
			path = View;
			sourceTree = "<group>";
		};
/* End PBXGroup section */

/* Begin PBXNativeTarget section */
		F0DC5E6E2A26610E00FA741B /* The Reddit */ = {
			isa = PBXNativeTarget;
			buildConfigurationList = F0DC5E992A26610F00FA741B /* Build configuration list for PBXNativeTarget "The Reddit" */;
			buildPhases = (
				CCC358E645B15C83F615663F /* [CP] Check Pods Manifest.lock */,
				F0DC5E6B2A26610E00FA741B /* Sources */,
				F0DC5E6C2A26610E00FA741B /* Frameworks */,
				F0DC5E6D2A26610E00FA741B /* Resources */,
			);
			buildRules = (
			);
			dependencies = (
			);
			name = "The Reddit";
			productName = "The Reddit";
			productReference = F0DC5E6F2A26610E00FA741B /* The Reddit.app */;
			productType = "com.apple.product-type.application";
		};
		F0DC5E842A26610F00FA741B /* The RedditTests */ = {
			isa = PBXNativeTarget;
			buildConfigurationList = F0DC5E9C2A26610F00FA741B /* Build configuration list for PBXNativeTarget "The RedditTests" */;
			buildPhases = (
				F0DC5E812A26610F00FA741B /* Sources */,
				F0DC5E822A26610F00FA741B /* Frameworks */,
				F0DC5E832A26610F00FA741B /* Resources */,
			);
			buildRules = (
			);
			dependencies = (
				F0DC5E872A26610F00FA741B /* PBXTargetDependency */,
			);
			name = "The RedditTests";
			productName = "The RedditTests";
			productReference = F0DC5E852A26610F00FA741B /* The RedditTests.xctest */;
			productType = "com.apple.product-type.bundle.unit-test";
		};
		F0DC5E8E2A26610F00FA741B /* The RedditUITests */ = {
			isa = PBXNativeTarget;
			buildConfigurationList = F0DC5E9F2A26610F00FA741B /* Build configuration list for PBXNativeTarget "The RedditUITests" */;
			buildPhases = (
				F0DC5E8B2A26610F00FA741B /* Sources */,
				F0DC5E8C2A26610F00FA741B /* Frameworks */,
				F0DC5E8D2A26610F00FA741B /* Resources */,
			);
			buildRules = (
			);
			dependencies = (
				F0DC5E912A26610F00FA741B /* PBXTargetDependency */,
			);
			name = "The RedditUITests";
			productName = "The RedditUITests";
			productReference = F0DC5E8F2A26610F00FA741B /* The RedditUITests.xctest */;
			productType = "com.apple.product-type.bundle.ui-testing";
		};
/* End PBXNativeTarget section */

/* Begin PBXProject section */
		F0DC5E672A26610E00FA741B /* Project object */ = {
			isa = PBXProject;
			attributes = {
				BuildIndependentTargetsInParallel = 1;
				LastSwiftUpdateCheck = 1430;
				LastUpgradeCheck = 1430;
				TargetAttributes = {
					F0DC5E6E2A26610E00FA741B = {
						CreatedOnToolsVersion = 14.3;
					};
					F0DC5E842A26610F00FA741B = {
						CreatedOnToolsVersion = 14.3;
						TestTargetID = F0DC5E6E2A26610E00FA741B;
					};
					F0DC5E8E2A26610F00FA741B = {
						CreatedOnToolsVersion = 14.3;
						TestTargetID = F0DC5E6E2A26610E00FA741B;
					};
				};
			};
			buildConfigurationList = F0DC5E6A2A26610E00FA741B /* Build configuration list for PBXProject "The Reddit" */;
			compatibilityVersion = "Xcode 14.0";
			developmentRegion = en;
			hasScannedForEncodings = 0;
			knownRegions = (
				en,
				Base,
			);
			mainGroup = F0DC5E662A26610E00FA741B;
			productRefGroup = F0DC5E702A26610E00FA741B /* Products */;
			projectDirPath = "";
			projectRoot = "";
			targets = (
				F0DC5E6E2A26610E00FA741B /* The Reddit */,
				F0DC5E842A26610F00FA741B /* The RedditTests */,
				F0DC5E8E2A26610F00FA741B /* The RedditUITests */,
			);
		};
/* End PBXProject section */

/* Begin PBXResourcesBuildPhase section */
		F0DC5E6D2A26610E00FA741B /* Resources */ = {
			isa = PBXResourcesBuildPhase;
			buildActionMask = 2147483647;
			files = (
				F0DC5E7F2A26610F00FA741B /* LaunchScreen.storyboard in Resources */,
				F0DC5E7C2A26610F00FA741B /* Assets.xcassets in Resources */,
				F0AC21962A297AEC00EB45D2 /* Feed.storyboard in Resources */,
				F0AC21A92A29A02200EB45D2 /* PostTableViewCell.xib in Resources */,
			);
			runOnlyForDeploymentPostprocessing = 0;
		};
		F0DC5E832A26610F00FA741B /* Resources */ = {
			isa = PBXResourcesBuildPhase;
			buildActionMask = 2147483647;
			files = (
			);
			runOnlyForDeploymentPostprocessing = 0;
		};
		F0DC5E8D2A26610F00FA741B /* Resources */ = {
			isa = PBXResourcesBuildPhase;
			buildActionMask = 2147483647;
			files = (
			);
			runOnlyForDeploymentPostprocessing = 0;
		};
/* End PBXResourcesBuildPhase section */

/* Begin PBXShellScriptBuildPhase section */
		CCC358E645B15C83F615663F /* [CP] Check Pods Manifest.lock */ = {
			isa = PBXShellScriptBuildPhase;
			buildActionMask = 2147483647;
			files = (
			);
			inputFileListPaths = (
			);
			inputPaths = (
				"${PODS_PODFILE_DIR_PATH}/Podfile.lock",
				"${PODS_ROOT}/Manifest.lock",
			);
			name = "[CP] Check Pods Manifest.lock";
			outputFileListPaths = (
			);
			outputPaths = (
				"$(DERIVED_FILE_DIR)/Pods-The Reddit-checkManifestLockResult.txt",
			);
			runOnlyForDeploymentPostprocessing = 0;
			shellPath = /bin/sh;
			shellScript = "diff \"${PODS_PODFILE_DIR_PATH}/Podfile.lock\" \"${PODS_ROOT}/Manifest.lock\" > /dev/null\nif [ $? != 0 ] ; then\n    # print error to STDERR\n    echo \"error: The sandbox is not in sync with the Podfile.lock. Run 'pod install' or update your CocoaPods installation.\" >&2\n    exit 1\nfi\n# This output is used by Xcode 'outputs' to avoid re-running this script phase.\necho \"SUCCESS\" > \"${SCRIPT_OUTPUT_FILE_0}\"\n";
			showEnvVarsInLog = 0;
		};
/* End PBXShellScriptBuildPhase section */

/* Begin PBXSourcesBuildPhase section */
		F0DC5E6B2A26610E00FA741B /* Sources */ = {
			isa = PBXSourcesBuildPhase;
			buildActionMask = 2147483647;
			files = (
				F0AC21AF2A29A5DE00EB45D2 /* FeedViewController+UITableView.swift in Sources */,
				F0F395EB2A28539E0049B7CF /* BaseUseCaseProtocol.swift in Sources */,
				F0F395E32A2836970049B7CF /* UnknownCase.swift in Sources */,
				F0F395E42A2836970049B7CF /* Encodable.swift in Sources */,
				F0F395EE2A2854300049B7CF /* PostsUseCase.swift in Sources */,
				F0AC21982A297B0300EB45D2 /* FeedViewController.swift in Sources */,
				F0AC219C2A297C7E00EB45D2 /* Storyboards.swift in Sources */,
				F0F395DA2A2836540049B7CF /* DataConstants.swift in Sources */,
				F0AC219A2A297C5200EB45D2 /* Storyboarded.swift in Sources */,
				F0F395DB2A2836540049B7CF /* RemoteRepository.swift in Sources */,
				F0F395DC2A2836540049B7CF /* ServiceProtocol.swift in Sources */,
				F0AC21AD2A29A13000EB45D2 /* UIView+Utils.swift in Sources */,
				F0F395F42A2855EC0049B7CF /* GetIAllPostsRequest.swift in Sources */,
				F0F395DD2A2836540049B7CF /* BaseService.swift in Sources */,
				F0AC219E2A297D0400EB45D2 /* BaseViewController.swift in Sources */,
				F0AC21A22A29855700EB45D2 /* FeedProtocols.swift in Sources */,
				F0AC21AB2A29A05300EB45D2 /* PostTableViewCell.swift in Sources */,
				F0DC5E732A26610E00FA741B /* AppDelegate.swift in Sources */,
				F0F395E92A2853890049B7CF /* BaseUseCase.swift in Sources */,
				F0F396022A2977090049B7CF /* FeedRouter.swift in Sources */,
				F0F396002A2976FC0049B7CF /* FeedPresenter.swift in Sources */,
				F0F395F62A2856110049B7CF /* GetIAllPostsResponse.swift in Sources */,
				F0F395FE2A2976EF0049B7CF /* FeedInteractor.swift in Sources */,
				F0F395F02A28543B0049B7CF /* PostsUseCaseProtocol.swift in Sources */,
				F0AC21A62A2997C300EB45D2 /* FeedModel.swift in Sources */,
			);
			runOnlyForDeploymentPostprocessing = 0;
		};
		F0DC5E812A26610F00FA741B /* Sources */ = {
			isa = PBXSourcesBuildPhase;
			buildActionMask = 2147483647;
			files = (
				F0DC5E8A2A26610F00FA741B /* The_RedditTests.swift in Sources */,
			);
			runOnlyForDeploymentPostprocessing = 0;
		};
		F0DC5E8B2A26610F00FA741B /* Sources */ = {
			isa = PBXSourcesBuildPhase;
			buildActionMask = 2147483647;
			files = (
			);
			runOnlyForDeploymentPostprocessing = 0;
		};
/* End PBXSourcesBuildPhase section */

/* Begin PBXTargetDependency section */
		F0DC5E872A26610F00FA741B /* PBXTargetDependency */ = {
			isa = PBXTargetDependency;
			target = F0DC5E6E2A26610E00FA741B /* The Reddit */;
			targetProxy = F0DC5E862A26610F00FA741B /* PBXContainerItemProxy */;
		};
		F0DC5E912A26610F00FA741B /* PBXTargetDependency */ = {
			isa = PBXTargetDependency;
			target = F0DC5E6E2A26610E00FA741B /* The Reddit */;
			targetProxy = F0DC5E902A26610F00FA741B /* PBXContainerItemProxy */;
		};
/* End PBXTargetDependency section */

/* Begin PBXVariantGroup section */
		F0DC5E7D2A26610F00FA741B /* LaunchScreen.storyboard */ = {
			isa = PBXVariantGroup;
			children = (
				F0DC5E7E2A26610F00FA741B /* Base */,
			);
			name = LaunchScreen.storyboard;
			sourceTree = "<group>";
		};
/* End PBXVariantGroup section */

/* Begin XCBuildConfiguration section */
		F0DC5E972A26610F00FA741B /* Debug */ = {
			isa = XCBuildConfiguration;
			buildSettings = {
				ALWAYS_SEARCH_USER_PATHS = NO;
				CLANG_ANALYZER_NONNULL = YES;
				CLANG_ANALYZER_NUMBER_OBJECT_CONVERSION = YES_AGGRESSIVE;
				CLANG_CXX_LANGUAGE_STANDARD = "gnu++20";
				CLANG_ENABLE_MODULES = YES;
				CLANG_ENABLE_OBJC_ARC = YES;
				CLANG_ENABLE_OBJC_WEAK = YES;
				CLANG_WARN_BLOCK_CAPTURE_AUTORELEASING = YES;
				CLANG_WARN_BOOL_CONVERSION = YES;
				CLANG_WARN_COMMA = YES;
				CLANG_WARN_CONSTANT_CONVERSION = YES;
				CLANG_WARN_DEPRECATED_OBJC_IMPLEMENTATIONS = YES;
				CLANG_WARN_DIRECT_OBJC_ISA_USAGE = YES_ERROR;
				CLANG_WARN_DOCUMENTATION_COMMENTS = YES;
				CLANG_WARN_EMPTY_BODY = YES;
				CLANG_WARN_ENUM_CONVERSION = YES;
				CLANG_WARN_INFINITE_RECURSION = YES;
				CLANG_WARN_INT_CONVERSION = YES;
				CLANG_WARN_NON_LITERAL_NULL_CONVERSION = YES;
				CLANG_WARN_OBJC_IMPLICIT_RETAIN_SELF = YES;
				CLANG_WARN_OBJC_LITERAL_CONVERSION = YES;
				CLANG_WARN_OBJC_ROOT_CLASS = YES_ERROR;
				CLANG_WARN_QUOTED_INCLUDE_IN_FRAMEWORK_HEADER = YES;
				CLANG_WARN_RANGE_LOOP_ANALYSIS = YES;
				CLANG_WARN_STRICT_PROTOTYPES = YES;
				CLANG_WARN_SUSPICIOUS_MOVE = YES;
				CLANG_WARN_UNGUARDED_AVAILABILITY = YES_AGGRESSIVE;
				CLANG_WARN_UNREACHABLE_CODE = YES;
				CLANG_WARN__DUPLICATE_METHOD_MATCH = YES;
				COPY_PHASE_STRIP = NO;
				DEBUG_INFORMATION_FORMAT = dwarf;
				ENABLE_STRICT_OBJC_MSGSEND = YES;
				ENABLE_TESTABILITY = YES;
				GCC_C_LANGUAGE_STANDARD = gnu11;
				GCC_DYNAMIC_NO_PIC = NO;
				GCC_NO_COMMON_BLOCKS = YES;
				GCC_OPTIMIZATION_LEVEL = 0;
				GCC_PREPROCESSOR_DEFINITIONS = (
					"DEBUG=1",
					"$(inherited)",
				);
				GCC_WARN_64_TO_32_BIT_CONVERSION = YES;
				GCC_WARN_ABOUT_RETURN_TYPE = YES_ERROR;
				GCC_WARN_UNDECLARED_SELECTOR = YES;
				GCC_WARN_UNINITIALIZED_AUTOS = YES_AGGRESSIVE;
				GCC_WARN_UNUSED_FUNCTION = YES;
				GCC_WARN_UNUSED_VARIABLE = YES;
				IPHONEOS_DEPLOYMENT_TARGET = 16.4;
				MTL_ENABLE_DEBUG_INFO = INCLUDE_SOURCE;
				MTL_FAST_MATH = YES;
				ONLY_ACTIVE_ARCH = YES;
				SDKROOT = iphoneos;
				SWIFT_ACTIVE_COMPILATION_CONDITIONS = DEBUG;
				SWIFT_OPTIMIZATION_LEVEL = "-Onone";
			};
			name = Debug;
		};
		F0DC5E982A26610F00FA741B /* Release */ = {
			isa = XCBuildConfiguration;
			buildSettings = {
				ALWAYS_SEARCH_USER_PATHS = NO;
				CLANG_ANALYZER_NONNULL = YES;
				CLANG_ANALYZER_NUMBER_OBJECT_CONVERSION = YES_AGGRESSIVE;
				CLANG_CXX_LANGUAGE_STANDARD = "gnu++20";
				CLANG_ENABLE_MODULES = YES;
				CLANG_ENABLE_OBJC_ARC = YES;
				CLANG_ENABLE_OBJC_WEAK = YES;
				CLANG_WARN_BLOCK_CAPTURE_AUTORELEASING = YES;
				CLANG_WARN_BOOL_CONVERSION = YES;
				CLANG_WARN_COMMA = YES;
				CLANG_WARN_CONSTANT_CONVERSION = YES;
				CLANG_WARN_DEPRECATED_OBJC_IMPLEMENTATIONS = YES;
				CLANG_WARN_DIRECT_OBJC_ISA_USAGE = YES_ERROR;
				CLANG_WARN_DOCUMENTATION_COMMENTS = YES;
				CLANG_WARN_EMPTY_BODY = YES;
				CLANG_WARN_ENUM_CONVERSION = YES;
				CLANG_WARN_INFINITE_RECURSION = YES;
				CLANG_WARN_INT_CONVERSION = YES;
				CLANG_WARN_NON_LITERAL_NULL_CONVERSION = YES;
				CLANG_WARN_OBJC_IMPLICIT_RETAIN_SELF = YES;
				CLANG_WARN_OBJC_LITERAL_CONVERSION = YES;
				CLANG_WARN_OBJC_ROOT_CLASS = YES_ERROR;
				CLANG_WARN_QUOTED_INCLUDE_IN_FRAMEWORK_HEADER = YES;
				CLANG_WARN_RANGE_LOOP_ANALYSIS = YES;
				CLANG_WARN_STRICT_PROTOTYPES = YES;
				CLANG_WARN_SUSPICIOUS_MOVE = YES;
				CLANG_WARN_UNGUARDED_AVAILABILITY = YES_AGGRESSIVE;
				CLANG_WARN_UNREACHABLE_CODE = YES;
				CLANG_WARN__DUPLICATE_METHOD_MATCH = YES;
				COPY_PHASE_STRIP = NO;
				DEBUG_INFORMATION_FORMAT = "dwarf-with-dsym";
				ENABLE_NS_ASSERTIONS = NO;
				ENABLE_STRICT_OBJC_MSGSEND = YES;
				GCC_C_LANGUAGE_STANDARD = gnu11;
				GCC_NO_COMMON_BLOCKS = YES;
				GCC_WARN_64_TO_32_BIT_CONVERSION = YES;
				GCC_WARN_ABOUT_RETURN_TYPE = YES_ERROR;
				GCC_WARN_UNDECLARED_SELECTOR = YES;
				GCC_WARN_UNINITIALIZED_AUTOS = YES_AGGRESSIVE;
				GCC_WARN_UNUSED_FUNCTION = YES;
				GCC_WARN_UNUSED_VARIABLE = YES;
				IPHONEOS_DEPLOYMENT_TARGET = 16.4;
				MTL_ENABLE_DEBUG_INFO = NO;
				MTL_FAST_MATH = YES;
				SDKROOT = iphoneos;
				SWIFT_COMPILATION_MODE = wholemodule;
				SWIFT_OPTIMIZATION_LEVEL = "-O";
				VALIDATE_PRODUCT = YES;
			};
			name = Release;
		};
		F0DC5E9A2A26610F00FA741B /* Debug */ = {
			isa = XCBuildConfiguration;
			baseConfigurationReference = 85B3BD597EE127DE3BABB04E /* Pods-The Reddit.debug.xcconfig */;
			buildSettings = {
				ASSETCATALOG_COMPILER_APPICON_NAME = AppIcon;
				ASSETCATALOG_COMPILER_GLOBAL_ACCENT_COLOR_NAME = AccentColor;
				CODE_SIGN_STYLE = Automatic;
				CURRENT_PROJECT_VERSION = 1;
				GENERATE_INFOPLIST_FILE = YES;
				INFOPLIST_FILE = "The Reddit/Info.plist";
				INFOPLIST_KEY_UIApplicationSupportsIndirectInputEvents = YES;
				INFOPLIST_KEY_UILaunchStoryboardName = LaunchScreen;
				INFOPLIST_KEY_UIMainStoryboardFile = "";
				INFOPLIST_KEY_UISupportedInterfaceOrientations_iPad = "UIInterfaceOrientationPortrait UIInterfaceOrientationPortraitUpsideDown UIInterfaceOrientationLandscapeLeft UIInterfaceOrientationLandscapeRight";
				INFOPLIST_KEY_UISupportedInterfaceOrientations_iPhone = "UIInterfaceOrientationPortrait UIInterfaceOrientationLandscapeLeft UIInterfaceOrientationLandscapeRight";
				LD_RUNPATH_SEARCH_PATHS = (
					"$(inherited)",
					"@executable_path/Frameworks",
				);
				MARKETING_VERSION = 1.0;
				PRODUCT_BUNDLE_IDENTIFIER = "com.mivalme.The-Reddit";
				PRODUCT_NAME = "$(TARGET_NAME)";
				SWIFT_EMIT_LOC_STRINGS = YES;
				SWIFT_VERSION = 5.0;
				TARGETED_DEVICE_FAMILY = "1,2";
			};
			name = Debug;
		};
		F0DC5E9B2A26610F00FA741B /* Release */ = {
			isa = XCBuildConfiguration;
			baseConfigurationReference = F8A5DCB0A217B4F6B44DDECB /* Pods-The Reddit.release.xcconfig */;
			buildSettings = {
				ASSETCATALOG_COMPILER_APPICON_NAME = AppIcon;
				ASSETCATALOG_COMPILER_GLOBAL_ACCENT_COLOR_NAME = AccentColor;
				CODE_SIGN_STYLE = Automatic;
				CURRENT_PROJECT_VERSION = 1;
				GENERATE_INFOPLIST_FILE = YES;
				INFOPLIST_FILE = "The Reddit/Info.plist";
				INFOPLIST_KEY_UIApplicationSupportsIndirectInputEvents = YES;
				INFOPLIST_KEY_UILaunchStoryboardName = LaunchScreen;
				INFOPLIST_KEY_UIMainStoryboardFile = "";
				INFOPLIST_KEY_UISupportedInterfaceOrientations_iPad = "UIInterfaceOrientationPortrait UIInterfaceOrientationPortraitUpsideDown UIInterfaceOrientationLandscapeLeft UIInterfaceOrientationLandscapeRight";
				INFOPLIST_KEY_UISupportedInterfaceOrientations_iPhone = "UIInterfaceOrientationPortrait UIInterfaceOrientationLandscapeLeft UIInterfaceOrientationLandscapeRight";
				LD_RUNPATH_SEARCH_PATHS = (
					"$(inherited)",
					"@executable_path/Frameworks",
				);
				MARKETING_VERSION = 1.0;
				PRODUCT_BUNDLE_IDENTIFIER = "com.mivalme.The-Reddit";
				PRODUCT_NAME = "$(TARGET_NAME)";
				SWIFT_EMIT_LOC_STRINGS = YES;
				SWIFT_VERSION = 5.0;
				TARGETED_DEVICE_FAMILY = "1,2";
			};
			name = Release;
		};
		F0DC5E9D2A26610F00FA741B /* Debug */ = {
			isa = XCBuildConfiguration;
			buildSettings = {
				ALWAYS_EMBED_SWIFT_STANDARD_LIBRARIES = YES;
				BUNDLE_LOADER = "$(TEST_HOST)";
				CODE_SIGN_STYLE = Automatic;
				CURRENT_PROJECT_VERSION = 1;
				GENERATE_INFOPLIST_FILE = YES;
				IPHONEOS_DEPLOYMENT_TARGET = 16.4;
				MARKETING_VERSION = 1.0;
				PRODUCT_BUNDLE_IDENTIFIER = "com.mivalme.The-RedditTests";
				PRODUCT_NAME = "$(TARGET_NAME)";
				SWIFT_EMIT_LOC_STRINGS = NO;
				SWIFT_VERSION = 5.0;
				TARGETED_DEVICE_FAMILY = "1,2";
				TEST_HOST = "$(BUILT_PRODUCTS_DIR)/The Reddit.app/$(BUNDLE_EXECUTABLE_FOLDER_PATH)/The Reddit";
			};
			name = Debug;
		};
		F0DC5E9E2A26610F00FA741B /* Release */ = {
			isa = XCBuildConfiguration;
			buildSettings = {
				ALWAYS_EMBED_SWIFT_STANDARD_LIBRARIES = YES;
				BUNDLE_LOADER = "$(TEST_HOST)";
				CODE_SIGN_STYLE = Automatic;
				CURRENT_PROJECT_VERSION = 1;
				GENERATE_INFOPLIST_FILE = YES;
				IPHONEOS_DEPLOYMENT_TARGET = 16.4;
				MARKETING_VERSION = 1.0;
				PRODUCT_BUNDLE_IDENTIFIER = "com.mivalme.The-RedditTests";
				PRODUCT_NAME = "$(TARGET_NAME)";
				SWIFT_EMIT_LOC_STRINGS = NO;
				SWIFT_VERSION = 5.0;
				TARGETED_DEVICE_FAMILY = "1,2";
				TEST_HOST = "$(BUILT_PRODUCTS_DIR)/The Reddit.app/$(BUNDLE_EXECUTABLE_FOLDER_PATH)/The Reddit";
			};
			name = Release;
		};
		F0DC5EA02A26610F00FA741B /* Debug */ = {
			isa = XCBuildConfiguration;
			buildSettings = {
				ALWAYS_EMBED_SWIFT_STANDARD_LIBRARIES = YES;
				CODE_SIGN_STYLE = Automatic;
				CURRENT_PROJECT_VERSION = 1;
				GENERATE_INFOPLIST_FILE = YES;
				MARKETING_VERSION = 1.0;
				PRODUCT_BUNDLE_IDENTIFIER = "com.mivalme.The-RedditUITests";
				PRODUCT_NAME = "$(TARGET_NAME)";
				SWIFT_EMIT_LOC_STRINGS = NO;
				SWIFT_VERSION = 5.0;
				TARGETED_DEVICE_FAMILY = "1,2";
				TEST_TARGET_NAME = "The Reddit";
			};
			name = Debug;
		};
		F0DC5EA12A26610F00FA741B /* Release */ = {
			isa = XCBuildConfiguration;
			buildSettings = {
				ALWAYS_EMBED_SWIFT_STANDARD_LIBRARIES = YES;
				CODE_SIGN_STYLE = Automatic;
				CURRENT_PROJECT_VERSION = 1;
				GENERATE_INFOPLIST_FILE = YES;
				MARKETING_VERSION = 1.0;
				PRODUCT_BUNDLE_IDENTIFIER = "com.mivalme.The-RedditUITests";
				PRODUCT_NAME = "$(TARGET_NAME)";
				SWIFT_EMIT_LOC_STRINGS = NO;
				SWIFT_VERSION = 5.0;
				TARGETED_DEVICE_FAMILY = "1,2";
				TEST_TARGET_NAME = "The Reddit";
			};
			name = Release;
		};
/* End XCBuildConfiguration section */

/* Begin XCConfigurationList section */
		F0DC5E6A2A26610E00FA741B /* Build configuration list for PBXProject "The Reddit" */ = {
			isa = XCConfigurationList;
			buildConfigurations = (
				F0DC5E972A26610F00FA741B /* Debug */,
				F0DC5E982A26610F00FA741B /* Release */,
			);
			defaultConfigurationIsVisible = 0;
			defaultConfigurationName = Release;
		};
		F0DC5E992A26610F00FA741B /* Build configuration list for PBXNativeTarget "The Reddit" */ = {
			isa = XCConfigurationList;
			buildConfigurations = (
				F0DC5E9A2A26610F00FA741B /* Debug */,
				F0DC5E9B2A26610F00FA741B /* Release */,
			);
			defaultConfigurationIsVisible = 0;
			defaultConfigurationName = Release;
		};
		F0DC5E9C2A26610F00FA741B /* Build configuration list for PBXNativeTarget "The RedditTests" */ = {
			isa = XCConfigurationList;
			buildConfigurations = (
				F0DC5E9D2A26610F00FA741B /* Debug */,
				F0DC5E9E2A26610F00FA741B /* Release */,
			);
			defaultConfigurationIsVisible = 0;
			defaultConfigurationName = Release;
		};
		F0DC5E9F2A26610F00FA741B /* Build configuration list for PBXNativeTarget "The RedditUITests" */ = {
			isa = XCConfigurationList;
			buildConfigurations = (
				F0DC5EA02A26610F00FA741B /* Debug */,
				F0DC5EA12A26610F00FA741B /* Release */,
			);
			defaultConfigurationIsVisible = 0;
			defaultConfigurationName = Release;
		};
/* End XCConfigurationList section */
	};
	rootObject = F0DC5E672A26610E00FA741B /* Project object */;
}
